// !$*UTF8*$!
{
	archiveVersion = 1;
	classes = {
	};
	objectVersion = 56;
	objects = {

/* Begin PBXBuildFile section */
		2328872929CB2C6C0029F4AB /* API_practApp.swift in Sources */ = {isa = PBXBuildFile; fileRef = 2328872829CB2C6C0029F4AB /* API_practApp.swift */; };
		2328872B29CB2C6C0029F4AB /* CountriesView.swift in Sources */ = {isa = PBXBuildFile; fileRef = 2328872A29CB2C6C0029F4AB /* CountriesView.swift */; };
		2328872D29CB2C6E0029F4AB /* Assets.xcassets in Resources */ = {isa = PBXBuildFile; fileRef = 2328872C29CB2C6E0029F4AB /* Assets.xcassets */; };
		2328873029CB2C6E0029F4AB /* Preview Assets.xcassets in Resources */ = {isa = PBXBuildFile; fileRef = 2328872F29CB2C6E0029F4AB /* Preview Assets.xcassets */; };
		2328873A29CB2C6E0029F4AB /* API_practTests.swift in Sources */ = {isa = PBXBuildFile; fileRef = 2328873929CB2C6E0029F4AB /* API_practTests.swift */; };
		2328874429CB2C6E0029F4AB /* API_practUITests.swift in Sources */ = {isa = PBXBuildFile; fileRef = 2328874329CB2C6E0029F4AB /* API_practUITests.swift */; };
		2328874629CB2C6E0029F4AB /* API_practUITestsLaunchTests.swift in Sources */ = {isa = PBXBuildFile; fileRef = 2328874529CB2C6E0029F4AB /* API_practUITestsLaunchTests.swift */; };
		2328875629CB31240029F4AB /* SwiftyJSON in Frameworks */ = {isa = PBXBuildFile; productRef = 2328875529CB31240029F4AB /* SwiftyJSON */; };
		2328875929CB31940029F4AB /* Alamofire in Frameworks */ = {isa = PBXBuildFile; productRef = 2328875829CB31940029F4AB /* Alamofire */; };
/* End PBXBuildFile section */

/* Begin PBXContainerItemProxy section */
		2328873629CB2C6E0029F4AB /* PBXContainerItemProxy */ = {
			isa = PBXContainerItemProxy;
			containerPortal = 2328871D29CB2C6C0029F4AB /* Project object */;
			proxyType = 1;
			remoteGlobalIDString = 2328872429CB2C6C0029F4AB;
			remoteInfo = "API pract";
		};
		2328874029CB2C6E0029F4AB /* PBXContainerItemProxy */ = {
			isa = PBXContainerItemProxy;
			containerPortal = 2328871D29CB2C6C0029F4AB /* Project object */;
			proxyType = 1;
			remoteGlobalIDString = 2328872429CB2C6C0029F4AB;
			remoteInfo = "API pract";
		};
/* End PBXContainerItemProxy section */

/* Begin PBXFileReference section */
		2328872529CB2C6C0029F4AB /* API pract.app */ = {isa = PBXFileReference; explicitFileType = wrapper.application; includeInIndex = 0; path = "API pract.app"; sourceTree = BUILT_PRODUCTS_DIR; };
		2328872829CB2C6C0029F4AB /* API_practApp.swift */ = {isa = PBXFileReference; lastKnownFileType = sourcecode.swift; path = API_practApp.swift; sourceTree = "<group>"; };
		2328872A29CB2C6C0029F4AB /* CountriesView.swift */ = {isa = PBXFileReference; lastKnownFileType = sourcecode.swift; path = CountriesView.swift; sourceTree = "<group>"; };
		2328872C29CB2C6E0029F4AB /* Assets.xcassets */ = {isa = PBXFileReference; lastKnownFileType = folder.assetcatalog; path = Assets.xcassets; sourceTree = "<group>"; };
		2328872F29CB2C6E0029F4AB /* Preview Assets.xcassets */ = {isa = PBXFileReference; lastKnownFileType = folder.assetcatalog; path = "Preview Assets.xcassets"; sourceTree = "<group>"; };
		2328873529CB2C6E0029F4AB /* API practTests.xctest */ = {isa = PBXFileReference; explicitFileType = wrapper.cfbundle; includeInIndex = 0; path = "API practTests.xctest"; sourceTree = BUILT_PRODUCTS_DIR; };
		2328873929CB2C6E0029F4AB /* API_practTests.swift */ = {isa = PBXFileReference; lastKnownFileType = sourcecode.swift; path = API_practTests.swift; sourceTree = "<group>"; };
		2328873F29CB2C6E0029F4AB /* API practUITests.xctest */ = {isa = PBXFileReference; explicitFileType = wrapper.cfbundle; includeInIndex = 0; path = "API practUITests.xctest"; sourceTree = BUILT_PRODUCTS_DIR; };
		2328874329CB2C6E0029F4AB /* API_practUITests.swift */ = {isa = PBXFileReference; lastKnownFileType = sourcecode.swift; path = API_practUITests.swift; sourceTree = "<group>"; };
		2328874529CB2C6E0029F4AB /* API_practUITestsLaunchTests.swift */ = {isa = PBXFileReference; lastKnownFileType = sourcecode.swift; path = API_practUITestsLaunchTests.swift; sourceTree = "<group>"; };
/* End PBXFileReference section */

/* Begin PBXFrameworksBuildPhase section */
		2328872229CB2C6C0029F4AB /* Frameworks */ = {
			isa = PBXFrameworksBuildPhase;
			buildActionMask = 2147483647;
			files = (
				2328875629CB31240029F4AB /* SwiftyJSON in Frameworks */,
				2328875929CB31940029F4AB /* Alamofire in Frameworks */,
			);
			runOnlyForDeploymentPostprocessing = 0;
		};
		2328873229CB2C6E0029F4AB /* Frameworks */ = {
			isa = PBXFrameworksBuildPhase;
			buildActionMask = 2147483647;
			files = (
			);
			runOnlyForDeploymentPostprocessing = 0;
		};
		2328873C29CB2C6E0029F4AB /* Frameworks */ = {
			isa = PBXFrameworksBuildPhase;
			buildActionMask = 2147483647;
			files = (
			);
			runOnlyForDeploymentPostprocessing = 0;
		};
/* End PBXFrameworksBuildPhase section */

/* Begin PBXGroup section */
		2328871C29CB2C6C0029F4AB = {
			isa = PBXGroup;
			children = (
				2328872729CB2C6C0029F4AB /* API pract */,
				2328873829CB2C6E0029F4AB /* API practTests */,
				2328874229CB2C6E0029F4AB /* API practUITests */,
				2328872629CB2C6C0029F4AB /* Products */,
			);
			sourceTree = "<group>";
		};
		2328872629CB2C6C0029F4AB /* Products */ = {
			isa = PBXGroup;
			children = (
				2328872529CB2C6C0029F4AB /* API pract.app */,
				2328873529CB2C6E0029F4AB /* API practTests.xctest */,
				2328873F29CB2C6E0029F4AB /* API practUITests.xctest */,
			);
			name = Products;
			sourceTree = "<group>";
		};
		2328872729CB2C6C0029F4AB /* API pract */ = {
			isa = PBXGroup;
			children = (
				2328872829CB2C6C0029F4AB /* API_practApp.swift */,
				2328872A29CB2C6C0029F4AB /* CountriesView.swift */,
				2328872C29CB2C6E0029F4AB /* Assets.xcassets */,
				2328872E29CB2C6E0029F4AB /* Preview Content */,
			);
			path = "API pract";
			sourceTree = "<group>";
		};
		2328872E29CB2C6E0029F4AB /* Preview Content */ = {
			isa = PBXGroup;
			children = (
				2328872F29CB2C6E0029F4AB /* Preview Assets.xcassets */,
			);
			path = "Preview Content";
			sourceTree = "<group>";
		};
		2328873829CB2C6E0029F4AB /* API practTests */ = {
			isa = PBXGroup;
			children = (
				2328873929CB2C6E0029F4AB /* API_practTests.swift */,
			);
			path = "API practTests";
			sourceTree = "<group>";
		};
		2328874229CB2C6E0029F4AB /* API practUITests */ = {
			isa = PBXGroup;
			children = (
				2328874329CB2C6E0029F4AB /* API_practUITests.swift */,
				2328874529CB2C6E0029F4AB /* API_practUITestsLaunchTests.swift */,
			);
			path = "API practUITests";
			sourceTree = "<group>";
		};
/* End PBXGroup section */

/* Begin PBXNativeTarget section */
		2328872429CB2C6C0029F4AB /* API pract */ = {
			isa = PBXNativeTarget;
			buildConfigurationList = 2328874929CB2C6E0029F4AB /* Build configuration list for PBXNativeTarget "API pract" */;
			buildPhases = (
				2328872129CB2C6C0029F4AB /* Sources */,
				2328872229CB2C6C0029F4AB /* Frameworks */,
				2328872329CB2C6C0029F4AB /* Resources */,
			);
			buildRules = (
			);
			dependencies = (
			);
			name = "API pract";
			packageProductDependencies = (
				2328875529CB31240029F4AB /* SwiftyJSON */,
				2328875829CB31940029F4AB /* Alamofire */,
			);
			productName = "API pract";
			productReference = 2328872529CB2C6C0029F4AB /* API pract.app */;
			productType = "com.apple.product-type.application";
		};
		2328873429CB2C6E0029F4AB /* API practTests */ = {
			isa = PBXNativeTarget;
			buildConfigurationList = 2328874C29CB2C6E0029F4AB /* Build configuration list for PBXNativeTarget "API practTests" */;
			buildPhases = (
				2328873129CB2C6E0029F4AB /* Sources */,
				2328873229CB2C6E0029F4AB /* Frameworks */,
				2328873329CB2C6E0029F4AB /* Resources */,
			);
			buildRules = (
			);
			dependencies = (
				2328873729CB2C6E0029F4AB /* PBXTargetDependency */,
			);
			name = "API practTests";
			productName = "API practTests";
			productReference = 2328873529CB2C6E0029F4AB /* API practTests.xctest */;
			productType = "com.apple.product-type.bundle.unit-test";
		};
		2328873E29CB2C6E0029F4AB /* API practUITests */ = {
			isa = PBXNativeTarget;
			buildConfigurationList = 2328874F29CB2C6E0029F4AB /* Build configuration list for PBXNativeTarget "API practUITests" */;
			buildPhases = (
				2328873B29CB2C6E0029F4AB /* Sources */,
				2328873C29CB2C6E0029F4AB /* Frameworks */,
				2328873D29CB2C6E0029F4AB /* Resources */,
			);
			buildRules = (
			);
			dependencies = (
				2328874129CB2C6E0029F4AB /* PBXTargetDependency */,
			);
			name = "API practUITests";
			productName = "API practUITests";
			productReference = 2328873F29CB2C6E0029F4AB /* API practUITests.xctest */;
			productType = "com.apple.product-type.bundle.ui-testing";
		};
/* End PBXNativeTarget section */

/* Begin PBXProject section */
		2328871D29CB2C6C0029F4AB /* Project object */ = {
			isa = PBXProject;
			attributes = {
				BuildIndependentTargetsInParallel = 1;
				LastSwiftUpdateCheck = 1420;
				LastUpgradeCheck = 1420;
				TargetAttributes = {
					2328872429CB2C6C0029F4AB = {
						CreatedOnToolsVersion = 14.2;
					};
					2328873429CB2C6E0029F4AB = {
						CreatedOnToolsVersion = 14.2;
						TestTargetID = 2328872429CB2C6C0029F4AB;
					};
					2328873E29CB2C6E0029F4AB = {
						CreatedOnToolsVersion = 14.2;
						TestTargetID = 2328872429CB2C6C0029F4AB;
					};
				};
			};
			buildConfigurationList = 2328872029CB2C6C0029F4AB /* Build configuration list for PBXProject "API pract" */;
			compatibilityVersion = "Xcode 14.0";
			developmentRegion = en;
			hasScannedForEncodings = 0;
			knownRegions = (
				en,
				Base,
			);
			mainGroup = 2328871C29CB2C6C0029F4AB;
			packageReferences = (
				2328875429CB31240029F4AB /* XCRemoteSwiftPackageReference "SwiftyJSON" */,
				2328875729CB31940029F4AB /* XCRemoteSwiftPackageReference "Alamofire" */,
			);
			productRefGroup = 2328872629CB2C6C0029F4AB /* Products */;
			projectDirPath = "";
			projectRoot = "";
			targets = (
				2328872429CB2C6C0029F4AB /* API pract */,
				2328873429CB2C6E0029F4AB /* API practTests */,
				2328873E29CB2C6E0029F4AB /* API practUITests */,
			);
		};
/* End PBXProject section */

/* Begin PBXResourcesBuildPhase section */
		2328872329CB2C6C0029F4AB /* Resources */ = {
			isa = PBXResourcesBuildPhase;
			buildActionMask = 2147483647;
			files = (
				2328873029CB2C6E0029F4AB /* Preview Assets.xcassets in Resources */,
				2328872D29CB2C6E0029F4AB /* Assets.xcassets in Resources */,
			);
			runOnlyForDeploymentPostprocessing = 0;
		};
		2328873329CB2C6E0029F4AB /* Resources */ = {
			isa = PBXResourcesBuildPhase;
			buildActionMask = 2147483647;
			files = (
			);
			runOnlyForDeploymentPostprocessing = 0;
		};
		2328873D29CB2C6E0029F4AB /* Resources */ = {
			isa = PBXResourcesBuildPhase;
			buildActionMask = 2147483647;
			files = (
			);
			runOnlyForDeploymentPostprocessing = 0;
		};
/* End PBXResourcesBuildPhase section */

/* Begin PBXSourcesBuildPhase section */
		2328872129CB2C6C0029F4AB /* Sources */ = {
			isa = PBXSourcesBuildPhase;
			buildActionMask = 2147483647;
			files = (
				2328872B29CB2C6C0029F4AB /* CountriesView.swift in Sources */,
				2328872929CB2C6C0029F4AB /* API_practApp.swift in Sources */,
			);
			runOnlyForDeploymentPostprocessing = 0;
		};
		2328873129CB2C6E0029F4AB /* Sources */ = {
			isa = PBXSourcesBuildPhase;
			buildActionMask = 2147483647;
			files = (
				2328873A29CB2C6E0029F4AB /* API_practTests.swift in Sources */,
			);
			runOnlyForDeploymentPostprocessing = 0;
		};
		2328873B29CB2C6E0029F4AB /* Sources */ = {
			isa = PBXSourcesBuildPhase;
			buildActionMask = 2147483647;
			files = (
				2328874629CB2C6E0029F4AB /* API_practUITestsLaunchTests.swift in Sources */,
				2328874429CB2C6E0029F4AB /* API_practUITests.swift in Sources */,
			);
			runOnlyForDeploymentPostprocessing = 0;
		};
/* End PBXSourcesBuildPhase section */

/* Begin PBXTargetDependency section */
		2328873729CB2C6E0029F4AB /* PBXTargetDependency */ = {
			isa = PBXTargetDependency;
			target = 2328872429CB2C6C0029F4AB /* API pract */;
			targetProxy = 2328873629CB2C6E0029F4AB /* PBXContainerItemProxy */;
		};
		2328874129CB2C6E0029F4AB /* PBXTargetDependency */ = {
			isa = PBXTargetDependency;
			target = 2328872429CB2C6C0029F4AB /* API pract */;
			targetProxy = 2328874029CB2C6E0029F4AB /* PBXContainerItemProxy */;
		};
/* End PBXTargetDependency section */

/* Begin XCBuildConfiguration section */
		2328874729CB2C6E0029F4AB /* Debug */ = {
			isa = XCBuildConfiguration;
			buildSettings = {
				ALWAYS_SEARCH_USER_PATHS = NO;
				CLANG_ANALYZER_NONNULL = YES;
				CLANG_ANALYZER_NUMBER_OBJECT_CONVERSION = YES_AGGRESSIVE;
				CLANG_CXX_LANGUAGE_STANDARD = "gnu++20";
				CLANG_ENABLE_MODULES = YES;
				CLANG_ENABLE_OBJC_ARC = YES;
				CLANG_ENABLE_OBJC_WEAK = YES;
				CLANG_WARN_BLOCK_CAPTURE_AUTORELEASING = YES;
				CLANG_WARN_BOOL_CONVERSION = YES;
				CLANG_WARN_COMMA = YES;
				CLANG_WARN_CONSTANT_CONVERSION = YES;
				CLANG_WARN_DEPRECATED_OBJC_IMPLEMENTATIONS = YES;
				CLANG_WARN_DIRECT_OBJC_ISA_USAGE = YES_ERROR;
				CLANG_WARN_DOCUMENTATION_COMMENTS = YES;
				CLANG_WARN_EMPTY_BODY = YES;
				CLANG_WARN_ENUM_CONVERSION = YES;
				CLANG_WARN_INFINITE_RECURSION = YES;
				CLANG_WARN_INT_CONVERSION = YES;
				CLANG_WARN_NON_LITERAL_NULL_CONVERSION = YES;
				CLANG_WARN_OBJC_IMPLICIT_RETAIN_SELF = YES;
				CLANG_WARN_OBJC_LITERAL_CONVERSION = YES;
				CLANG_WARN_OBJC_ROOT_CLASS = YES_ERROR;
				CLANG_WARN_QUOTED_INCLUDE_IN_FRAMEWORK_HEADER = YES;
				CLANG_WARN_RANGE_LOOP_ANALYSIS = YES;
				CLANG_WARN_STRICT_PROTOTYPES = YES;
				CLANG_WARN_SUSPICIOUS_MOVE = YES;
				CLANG_WARN_UNGUARDED_AVAILABILITY = YES_AGGRESSIVE;
				CLANG_WARN_UNREACHABLE_CODE = YES;
				CLANG_WARN__DUPLICATE_METHOD_MATCH = YES;
				COPY_PHASE_STRIP = NO;
				DEBUG_INFORMATION_FORMAT = dwarf;
				ENABLE_STRICT_OBJC_MSGSEND = YES;
				ENABLE_TESTABILITY = YES;
				GCC_C_LANGUAGE_STANDARD = gnu11;
				GCC_DYNAMIC_NO_PIC = NO;
				GCC_NO_COMMON_BLOCKS = YES;
				GCC_OPTIMIZATION_LEVEL = 0;
				GCC_PREPROCESSOR_DEFINITIONS = (
					"DEBUG=1",
					"$(inherited)",
				);
				GCC_WARN_64_TO_32_BIT_CONVERSION = YES;
				GCC_WARN_ABOUT_RETURN_TYPE = YES_ERROR;
				GCC_WARN_UNDECLARED_SELECTOR = YES;
				GCC_WARN_UNINITIALIZED_AUTOS = YES_AGGRESSIVE;
				GCC_WARN_UNUSED_FUNCTION = YES;
				GCC_WARN_UNUSED_VARIABLE = YES;
				IPHONEOS_DEPLOYMENT_TARGET = 16.2;
				MTL_ENABLE_DEBUG_INFO = INCLUDE_SOURCE;
				MTL_FAST_MATH = YES;
				ONLY_ACTIVE_ARCH = YES;
				SDKROOT = iphoneos;
				SWIFT_ACTIVE_COMPILATION_CONDITIONS = DEBUG;
				SWIFT_OPTIMIZATION_LEVEL = "-Onone";
			};
			name = Debug;
		};
		2328874829CB2C6E0029F4AB /* Release */ = {
			isa = XCBuildConfiguration;
			buildSettings = {
				ALWAYS_SEARCH_USER_PATHS = NO;
				CLANG_ANALYZER_NONNULL = YES;
				CLANG_ANALYZER_NUMBER_OBJECT_CONVERSION = YES_AGGRESSIVE;
				CLANG_CXX_LANGUAGE_STANDARD = "gnu++20";
				CLANG_ENABLE_MODULES = YES;
				CLANG_ENABLE_OBJC_ARC = YES;
				CLANG_ENABLE_OBJC_WEAK = YES;
				CLANG_WARN_BLOCK_CAPTURE_AUTORELEASING = YES;
				CLANG_WARN_BOOL_CONVERSION = YES;
				CLANG_WARN_COMMA = YES;
				CLANG_WARN_CONSTANT_CONVERSION = YES;
				CLANG_WARN_DEPRECATED_OBJC_IMPLEMENTATIONS = YES;
				CLANG_WARN_DIRECT_OBJC_ISA_USAGE = YES_ERROR;
				CLANG_WARN_DOCUMENTATION_COMMENTS = YES;
				CLANG_WARN_EMPTY_BODY = YES;
				CLANG_WARN_ENUM_CONVERSION = YES;
				CLANG_WARN_INFINITE_RECURSION = YES;
				CLANG_WARN_INT_CONVERSION = YES;
				CLANG_WARN_NON_LITERAL_NULL_CONVERSION = YES;
				CLANG_WARN_OBJC_IMPLICIT_RETAIN_SELF = YES;
				CLANG_WARN_OBJC_LITERAL_CONVERSION = YES;
				CLANG_WARN_OBJC_ROOT_CLASS = YES_ERROR;
				CLANG_WARN_QUOTED_INCLUDE_IN_FRAMEWORK_HEADER = YES;
				CLANG_WARN_RANGE_LOOP_ANALYSIS = YES;
				CLANG_WARN_STRICT_PROTOTYPES = YES;
				CLANG_WARN_SUSPICIOUS_MOVE = YES;
				CLANG_WARN_UNGUARDED_AVAILABILITY = YES_AGGRESSIVE;
				CLANG_WARN_UNREACHABLE_CODE = YES;
				CLANG_WARN__DUPLICATE_METHOD_MATCH = YES;
				COPY_PHASE_STRIP = NO;
				DEBUG_INFORMATION_FORMAT = "dwarf-with-dsym";
				ENABLE_NS_ASSERTIONS = NO;
				ENABLE_STRICT_OBJC_MSGSEND = YES;
				GCC_C_LANGUAGE_STANDARD = gnu11;
				GCC_NO_COMMON_BLOCKS = YES;
				GCC_WARN_64_TO_32_BIT_CONVERSION = YES;
				GCC_WARN_ABOUT_RETURN_TYPE = YES_ERROR;
				GCC_WARN_UNDECLARED_SELECTOR = YES;
				GCC_WARN_UNINITIALIZED_AUTOS = YES_AGGRESSIVE;
				GCC_WARN_UNUSED_FUNCTION = YES;
				GCC_WARN_UNUSED_VARIABLE = YES;
				IPHONEOS_DEPLOYMENT_TARGET = 16.2;
				MTL_ENABLE_DEBUG_INFO = NO;
				MTL_FAST_MATH = YES;
				SDKROOT = iphoneos;
				SWIFT_COMPILATION_MODE = wholemodule;
				SWIFT_OPTIMIZATION_LEVEL = "-O";
				VALIDATE_PRODUCT = YES;
			};
			name = Release;
		};
		2328874A29CB2C6E0029F4AB /* Debug */ = {
			isa = XCBuildConfiguration;
			buildSettings = {
				ASSETCATALOG_COMPILER_APPICON_NAME = AppIcon;
				ASSETCATALOG_COMPILER_GLOBAL_ACCENT_COLOR_NAME = AccentColor;
				CODE_SIGN_STYLE = Automatic;
				CURRENT_PROJECT_VERSION = 1;
				DEVELOPMENT_ASSET_PATHS = "\"API pract/Preview Content\"";
				DEVELOPMENT_TEAM = ZYA9F39MRV;
				ENABLE_PREVIEWS = YES;
				GENERATE_INFOPLIST_FILE = YES;
				INFOPLIST_KEY_UIApplicationSceneManifest_Generation = YES;
				INFOPLIST_KEY_UIApplicationSupportsIndirectInputEvents = YES;
				INFOPLIST_KEY_UILaunchScreen_Generation = YES;
				INFOPLIST_KEY_UISupportedInterfaceOrientations_iPad = "UIInterfaceOrientationPortrait UIInterfaceOrientationPortraitUpsideDown UIInterfaceOrientationLandscapeLeft UIInterfaceOrientationLandscapeRight";
				INFOPLIST_KEY_UISupportedInterfaceOrientations_iPhone = "UIInterfaceOrientationPortrait UIInterfaceOrientationLandscapeLeft UIInterfaceOrientationLandscapeRight";
				LD_RUNPATH_SEARCH_PATHS = (
					"$(inherited)",
					"@executable_path/Frameworks",
				);
				MARKETING_VERSION = 1.0;
				PRODUCT_BUNDLE_IDENTIFIER = "Sabit.API-pract";
				PRODUCT_NAME = "$(TARGET_NAME)";
				SWIFT_EMIT_LOC_STRINGS = YES;
				SWIFT_VERSION = 5.0;
				TARGETED_DEVICE_FAMILY = "1,2";
			};
			name = Debug;
		};
		2328874B29CB2C6E0029F4AB /* Release */ = {
			isa = XCBuildConfiguration;
			buildSettings = {
				ASSETCATALOG_COMPILER_APPICON_NAME = AppIcon;
				ASSETCATALOG_COMPILER_GLOBAL_ACCENT_COLOR_NAME = AccentColor;
				CODE_SIGN_STYLE = Automatic;
				CURRENT_PROJECT_VERSION = 1;
				DEVELOPMENT_ASSET_PATHS = "\"API pract/Preview Content\"";
				DEVELOPMENT_TEAM = ZYA9F39MRV;
				ENABLE_PREVIEWS = YES;
				GENERATE_INFOPLIST_FILE = YES;
				INFOPLIST_KEY_UIApplicationSceneManifest_Generation = YES;
				INFOPLIST_KEY_UIApplicationSupportsIndirectInputEvents = YES;
				INFOPLIST_KEY_UILaunchScreen_Generation = YES;
				INFOPLIST_KEY_UISupportedInterfaceOrientations_iPad = "UIInterfaceOrientationPortrait UIInterfaceOrientationPortraitUpsideDown UIInterfaceOrientationLandscapeLeft UIInterfaceOrientationLandscapeRight";
				INFOPLIST_KEY_UISupportedInterfaceOrientations_iPhone = "UIInterfaceOrientationPortrait UIInterfaceOrientationLandscapeLeft UIInterfaceOrientationLandscapeRight";
				LD_RUNPATH_SEARCH_PATHS = (
					"$(inherited)",
					"@executable_path/Frameworks",
				);
				MARKETING_VERSION = 1.0;
				PRODUCT_BUNDLE_IDENTIFIER = "Sabit.API-pract";
				PRODUCT_NAME = "$(TARGET_NAME)";
				SWIFT_EMIT_LOC_STRINGS = YES;
				SWIFT_VERSION = 5.0;
				TARGETED_DEVICE_FAMILY = "1,2";
			};
			name = Release;
		};
		2328874D29CB2C6E0029F4AB /* Debug */ = {
			isa = XCBuildConfiguration;
			buildSettings = {
				ALWAYS_EMBED_SWIFT_STANDARD_LIBRARIES = YES;
				BUNDLE_LOADER = "$(TEST_HOST)";
				CODE_SIGN_STYLE = Automatic;
				CURRENT_PROJECT_VERSION = 1;
				DEVELOPMENT_TEAM = ZYA9F39MRV;
				GENERATE_INFOPLIST_FILE = YES;
				IPHONEOS_DEPLOYMENT_TARGET = 16.2;
				MARKETING_VERSION = 1.0;
				PRODUCT_BUNDLE_IDENTIFIER = "Sabit.API-practTests";
				PRODUCT_NAME = "$(TARGET_NAME)";
				SWIFT_EMIT_LOC_STRINGS = NO;
				SWIFT_VERSION = 5.0;
				TARGETED_DEVICE_FAMILY = "1,2";
				TEST_HOST = "$(BUILT_PRODUCTS_DIR)/API pract.app/$(BUNDLE_EXECUTABLE_FOLDER_PATH)/API pract";
			};
			name = Debug;
		};
		2328874E29CB2C6E0029F4AB /* Release */ = {
			isa = XCBuildConfiguration;
			buildSettings = {
				ALWAYS_EMBED_SWIFT_STANDARD_LIBRARIES = YES;
				BUNDLE_LOADER = "$(TEST_HOST)";
				CODE_SIGN_STYLE = Automatic;
				CURRENT_PROJECT_VERSION = 1;
				DEVELOPMENT_TEAM = ZYA9F39MRV;
				GENERATE_INFOPLIST_FILE = YES;
				IPHONEOS_DEPLOYMENT_TARGET = 16.2;
				MARKETING_VERSION = 1.0;
				PRODUCT_BUNDLE_IDENTIFIER = "Sabit.API-practTests";
				PRODUCT_NAME = "$(TARGET_NAME)";
				SWIFT_EMIT_LOC_STRINGS = NO;
				SWIFT_VERSION = 5.0;
				TARGETED_DEVICE_FAMILY = "1,2";
				TEST_HOST = "$(BUILT_PRODUCTS_DIR)/API pract.app/$(BUNDLE_EXECUTABLE_FOLDER_PATH)/API pract";
			};
			name = Release;
		};
		2328875029CB2C6E0029F4AB /* Debug */ = {
			isa = XCBuildConfiguration;
			buildSettings = {
				ALWAYS_EMBED_SWIFT_STANDARD_LIBRARIES = YES;
				CODE_SIGN_STYLE = Automatic;
				CURRENT_PROJECT_VERSION = 1;
				DEVELOPMENT_TEAM = ZYA9F39MRV;
				GENERATE_INFOPLIST_FILE = YES;
				MARKETING_VERSION = 1.0;
				PRODUCT_BUNDLE_IDENTIFIER = "Sabit.API-practUITests";
				PRODUCT_NAME = "$(TARGET_NAME)";
				SWIFT_EMIT_LOC_STRINGS = NO;
				SWIFT_VERSION = 5.0;
				TARGETED_DEVICE_FAMILY = "1,2";
				TEST_TARGET_NAME = "API pract";
			};
			name = Debug;
		};
		2328875129CB2C6E0029F4AB /* Release */ = {
			isa = XCBuildConfiguration;
			buildSettings = {
				ALWAYS_EMBED_SWIFT_STANDARD_LIBRARIES = YES;
				CODE_SIGN_STYLE = Automatic;
				CURRENT_PROJECT_VERSION = 1;
				DEVELOPMENT_TEAM = ZYA9F39MRV;
				GENERATE_INFOPLIST_FILE = YES;
				MARKETING_VERSION = 1.0;
				PRODUCT_BUNDLE_IDENTIFIER = "Sabit.API-practUITests";
				PRODUCT_NAME = "$(TARGET_NAME)";
				SWIFT_EMIT_LOC_STRINGS = NO;
				SWIFT_VERSION = 5.0;
				TARGETED_DEVICE_FAMILY = "1,2";
				TEST_TARGET_NAME = "API pract";
			};
			name = Release;
		};
/* End XCBuildConfiguration section */

/* Begin XCConfigurationList section */
		2328872029CB2C6C0029F4AB /* Build configuration list for PBXProject "API pract" */ = {
			isa = XCConfigurationList;
			buildConfigurations = (
				2328874729CB2C6E0029F4AB /* Debug */,
				2328874829CB2C6E0029F4AB /* Release */,
			);
			defaultConfigurationIsVisible = 0;
			defaultConfigurationName = Release;
		};
		2328874929CB2C6E0029F4AB /* Build configuration list for PBXNativeTarget "API pract" */ = {
			isa = XCConfigurationList;
			buildConfigurations = (
				2328874A29CB2C6E0029F4AB /* Debug */,
				2328874B29CB2C6E0029F4AB /* Release */,
			);
			defaultConfigurationIsVisible = 0;
			defaultConfigurationName = Release;
		};
		2328874C29CB2C6E0029F4AB /* Build configuration list for PBXNativeTarget "API practTests" */ = {
			isa = XCConfigurationList;
			buildConfigurations = (
				2328874D29CB2C6E0029F4AB /* Debug */,
				2328874E29CB2C6E0029F4AB /* Release */,
			);
			defaultConfigurationIsVisible = 0;
			defaultConfigurationName = Release;
		};
		2328874F29CB2C6E0029F4AB /* Build configuration list for PBXNativeTarget "API practUITests" */ = {
			isa = XCConfigurationList;
			buildConfigurations = (
				2328875029CB2C6E0029F4AB /* Debug */,
				2328875129CB2C6E0029F4AB /* Release */,
			);
			defaultConfigurationIsVisible = 0;
			defaultConfigurationName = Release;
		};
/* End XCConfigurationList section */

/* Begin XCRemoteSwiftPackageReference section */
		2328875429CB31240029F4AB /* XCRemoteSwiftPackageReference "SwiftyJSON" */ = {
			isa = XCRemoteSwiftPackageReference;
			repositoryURL = "https://github.com/SwiftyJSON/SwiftyJSON";
			requirement = {
				kind = upToNextMajorVersion;
				minimumVersion = 5.0.0;
			};
		};
		2328875729CB31940029F4AB /* XCRemoteSwiftPackageReference "Alamofire" */ = {
			isa = XCRemoteSwiftPackageReference;
			repositoryURL = "https://github.com/Alamofire/Alamofire";
			requirement = {
				branch = master;
				kind = branch;
			};
		};
/* End XCRemoteSwiftPackageReference section */

/* Begin XCSwiftPackageProductDependency section */
		2328875529CB31240029F4AB /* SwiftyJSON */ = {
			isa = XCSwiftPackageProductDependency;
			package = 2328875429CB31240029F4AB /* XCRemoteSwiftPackageReference "SwiftyJSON" */;
			productName = SwiftyJSON;
		};
		2328875829CB31940029F4AB /* Alamofire */ = {
			isa = XCSwiftPackageProductDependency;
			package = 2328875729CB31940029F4AB /* XCRemoteSwiftPackageReference "Alamofire" */;
			productName = Alamofire;
		};
/* End XCSwiftPackageProductDependency section */
	};
	rootObject = 2328871D29CB2C6C0029F4AB /* Project object */;
}
